<?xml version="1.0" encoding="utf-8"?>
<Project ToolsVersion="4.0" xmlns="http://schemas.microsoft.com/developer/msbuild/2003">
  <ItemGroup>
    <Filter Include="Source Files">
      <UniqueIdentifier>{4FC737F1-C7A5-4376-A066-2A32D752A2FF}</UniqueIdentifier>
      <Extensions>cpp;c;cc;cxx;c++;cppm;ixx;def;odl;idl;hpj;bat;asm;asmx</Extensions>
    </Filter>
    <Filter Include="Header Files">
      <UniqueIdentifier>{93995380-89BD-4b04-88EB-625FBE52EBFB}</UniqueIdentifier>
      <Extensions>h;hh;hpp;hxx;h++;hm;inl;inc;ipp;xsd</Extensions>
    </Filter>
    <Filter Include="Resource Files">
      <UniqueIdentifier>{67DA6AB6-F800-4c08-8B7A-83BB121AAD01}</UniqueIdentifier>
      <Extensions>rc;ico;cur;bmp;dlg;rc2;rct;bin;rgs;gif;jpg;jpeg;jpe;resx;tiff;tif;png;wav;mfcribbon-ms</Extensions>
    </Filter>
  </ItemGroup>
  <ItemGroup>
    <ClCompile Include="backend.cpp">
      <Filter>Source Files</Filter>
    </ClCompile>
    <ClCompile Include="src\data_breach_monitor\breach_notifier.cpp">
      <Filter>Source Files</Filter>
    </ClCompile>
    <ClCompile Include="src\data_breach_monitor\data_breach_monitor.cpp">
      <Filter>Source Files</Filter>
    </ClCompile>
    <ClCompile Include="src\encryption\aes_encryption.cpp">
      <Filter>Source Files</Filter>
    </ClCompile>
    <ClCompile Include="src\encryption\encryption.cpp">
      <Filter>Source Files</Filter>
    </ClCompile>
    <ClCompile Include="src\permission_monitor\permission_checker.cpp">
      <Filter>Source Files</Filter>
    </ClCompile>
    <ClCompile Include="src\permission_monitor\permission_monitor.cpp">
      <Filter>Source Files</Filter>
    </ClCompile>
    <ClCompile Include="src\scanning\scanner.cpp">
      <Filter>Source Files</Filter>
    </ClCompile>
    <ClCompile Include="src\scanning\signature_database.cpp">
      <Filter>Source Files</Filter>
    </ClCompile>
    <ClCompile Include="src\secure_browser\browsing_monitor.cpp">
      <Filter>Source Files</Filter>
    </ClCompile>
    <ClCompile Include="src\secure_browser\web_filter.cpp">
      <Filter>Source Files</Filter>
    </ClCompile>
    <ClCompile Include="src\vpn\vpn_encryption.cpp">
      <Filter>Source Files</Filter>
    </ClCompile>
    <ClCompile Include="src\vpn\vpn_manager.cpp">
      <Filter>Source Files</Filter>
    </ClCompile>
    <ClCompile Include="threat_detection.cpp">
      <Filter>Source Files</Filter>
    </ClCompile>
    <ClCompile Include="network_monitor.cpp">
      <Filter>Source Files</Filter>
    </ClCompile>
    <ClCompile Include="file_integrity.cpp">
      <Filter>Source Files</Filter>
    </ClCompile>
    <ClCompile Include="utility.cpp">
      <Filter>Source Files</Filter>
    </ClCompile>
    <ClCompile Include="threat_intelligence.cpp">
      <Filter>Source Files</Filter>
    </ClCompile>
    <ClCompile Include="anomaly_detector.cpp">
      <Filter>Source Files</Filter>
    </ClCompile>
    <ClCompile Include="server.cpp">
      <Filter>Source Files</Filter>
    </ClCompile>
  </ItemGroup>
  <ItemGroup>
    <ClInclude Include="include\data_breach_monitor.h">
      <Filter>Header Files</Filter>
    </ClInclude>
    <ClInclude Include="include\encryption.h">
      <Filter>Header Files</Filter>
    </ClInclude>
    <ClInclude Include="include\permission_monitor.h">
      <Filter>Header Files</Filter>
    </ClInclude>
    <ClInclude Include="include\scanner.h">
      <Filter>Header Files</Filter>
    </ClInclude>
    <ClInclude Include="include\vpn_encryption.h">
      <Filter>Header Files</Filter>
    </ClInclude>
    <ClInclude Include="include\vpn_manager.h">
      <Filter>Header Files</Filter>
    </ClInclude>
    <ClInclude Include="src\secure_browser\web_filter.h">
      <Filter>Header Files</Filter>
    </ClInclude>
    <ClInclude Include="include\aes_encryption.h">
      <Filter>Header Files</Filter>
    </ClInclude>
    <ClInclude Include="threat_detection.h">
      <Filter>Header Files</Filter>
    </ClInclude>
    <ClInclude Include="network_monitor.h">
      <Filter>Header Files</Filter>
    </ClInclude>
    <ClInclude Include="file_integrity.h">
      <Filter>Header Files</Filter>
    </ClInclude>
    <ClInclude Include="signature_database.h">
      <Filter>Header Files</Filter>
    </ClInclude>
    <ClInclude Include="browsing_monitor.h">
      <Filter>Header Files</Filter>
    </ClInclude>
    <ClInclude Include="include\breach_notifier.h">
      <Filter>Header Files</Filter>
    </ClInclude>
    <ClInclude Include="include\permission_checker.h">
      <Filter>Header Files</Filter>
    </ClInclude>
    <ClInclude Include="include\utility.h">
      <Filter>Header Files</Filter>
    </ClInclude>
    <ClInclude Include="include\threat_intelligence.h">
      <Filter>Header Files</Filter>
    </ClInclude>
    <ClInclude Include="include\anomaly_detector.h">
      <Filter>Header Files</Filter>
    </ClInclude>
    <ClInclude Include="server.h">
      <Filter>Header Files</Filter>
    </ClInclude>
  </ItemGroup>
</Project>